
Microsoft Visual Studio Solution File, Format Version 12.00
# Visual Studio Version 16
VisualStudioVersion = 16.0.30907.101
MinimumVisualStudioVersion = 10.0.40219.1
Project("{9A19103F-16F7-4668-BE54-9A1E7A4F7556}") = "TP_CS_ZORK.CONSOLE", "TP_CS_ZORK.CONSOLE\TP_CS_ZORK.CONSOLE.csproj", "{B64E842C-781E-471A-B28A-BACBAEC6DAF2}"
EndProject
Project("{FAE04EC0-301F-11D3-BF4B-00C04F79EFBC}") = "TP_CS_ZORK.DATA_ACCESS_LAYER", "TP_CS_ZORK.DATA_ACCESS_LAYER\TP_CS_ZORK.DATA_ACCESS_LAYER.csproj", "{C47017AC-4462-4C8A-B0F7-13AD42F5AB4E}"
EndProject
Global
	GlobalSection(SolutionConfigurationPlatforms) = preSolution
		Debug|Any CPU = Debug|Any CPU
		Release|Any CPU = Release|Any CPU
	EndGlobalSection
	GlobalSection(ProjectConfigurationPlatforms) = postSolution
		{B64E842C-781E-471A-B28A-BACBAEC6DAF2}.Debug|Any CPU.ActiveCfg = Debug|Any CPU
		{B64E842C-781E-471A-B28A-BACBAEC6DAF2}.Debug|Any CPU.Build.0 = Debug|Any CPU
		{B64E842C-781E-471A-B28A-BACBAEC6DAF2}.Release|Any CPU.ActiveCfg = Release|Any CPU
		{B64E842C-781E-471A-B28A-BACBAEC6DAF2}.Release|Any CPU.Build.0 = Release|Any CPU
		{C47017AC-4462-4C8A-B0F7-13AD42F5AB4E}.Debug|Any CPU.ActiveCfg = Debug|Any CPU
		{C47017AC-4462-4C8A-B0F7-13AD42F5AB4E}.Debug|Any CPU.Build.0 = Debug|Any CPU
		{C47017AC-4462-4C8A-B0F7-13AD42F5AB4E}.Release|Any CPU.ActiveCfg = Release|Any CPU
		{C47017AC-4462-4C8A-B0F7-13AD42F5AB4E}.Release|Any CPU.Build.0 = Release|Any CPU
	EndGlobalSection
	GlobalSection(SolutionProperties) = preSolution
		HideSolutionNode = FALSE
	EndGlobalSection
	GlobalSection(ExtensibilityGlobals) = postSolution
		SolutionGuid = {78B0C220-B841-4FFD-96D0-29C5D3E81512}
	EndGlobalSection
EndGlobal
